
Microsoft Visual Studio Solution File, Format Version 12.00
# Visual Studio Version 17
VisualStudioVersion = 17.0.31717.71
MinimumVisualStudioVersion = 10.0.40219.1
Project("{F184B08F-C81C-45F6-A57F-5ABD9991F28F}") = "16_form3_7_tax_2021_11_4", "16_form3_7_tax_2021_11_4.vbproj", "{AD511D29-C3C8-402F-A7D1-C244EAAC4624}"
EndProject
Global
	GlobalSection(SolutionConfigurationPlatforms) = preSolution
		Debug|Any CPU = Debug|Any CPU
		Release|Any CPU = Release|Any CPU
	EndGlobalSection
	GlobalSection(ProjectConfigurationPlatforms) = postSolution
		{AD511D29-C3C8-402F-A7D1-C244EAAC4624}.Debug|Any CPU.ActiveCfg = Debug|Any CPU
		{AD511D29-C3C8-402F-A7D1-C244EAAC4624}.Debug|Any CPU.Build.0 = Debug|Any CPU
		{AD511D29-C3C8-402F-A7D1-C244EAAC4624}.Release|Any CPU.ActiveCfg = Release|Any CPU
		{AD511D29-C3C8-402F-A7D1-C244EAAC4624}.Release|Any CPU.Build.0 = Release|Any CPU
	EndGlobalSection
	GlobalSection(SolutionProperties) = preSolution
		HideSolutionNode = FALSE
	EndGlobalSection
	GlobalSection(ExtensibilityGlobals) = postSolution
		SolutionGuid = {C61E27F4-7C7B-4266-96E8-7C1BDE535563}
	EndGlobalSection
EndGlobal
