
Microsoft Visual Studio Solution File, Format Version 12.00
# Visual Studio Version 17
VisualStudioVersion = 17.1.31903.286
MinimumVisualStudioVersion = 10.0.40219.1
Project("{F184B08F-C81C-45F6-A57F-5ABD9991F28F}") = "21_form4_4_2021_11_22", "21_form4_4_2021_11_22.vbproj", "{3EBEA5A2-3FCB-42DB-B9BE-D5E0A38BF66D}"
EndProject
Global
	GlobalSection(SolutionConfigurationPlatforms) = preSolution
		Debug|Any CPU = Debug|Any CPU
		Release|Any CPU = Release|Any CPU
	EndGlobalSection
	GlobalSection(ProjectConfigurationPlatforms) = postSolution
		{3EBEA5A2-3FCB-42DB-B9BE-D5E0A38BF66D}.Debug|Any CPU.ActiveCfg = Debug|Any CPU
		{3EBEA5A2-3FCB-42DB-B9BE-D5E0A38BF66D}.Debug|Any CPU.Build.0 = Debug|Any CPU
		{3EBEA5A2-3FCB-42DB-B9BE-D5E0A38BF66D}.Release|Any CPU.ActiveCfg = Release|Any CPU
		{3EBEA5A2-3FCB-42DB-B9BE-D5E0A38BF66D}.Release|Any CPU.Build.0 = Release|Any CPU
	EndGlobalSection
	GlobalSection(SolutionProperties) = preSolution
		HideSolutionNode = FALSE
	EndGlobalSection
	GlobalSection(ExtensibilityGlobals) = postSolution
		SolutionGuid = {CFA54023-45E3-479F-84C9-9C0B712D9497}
	EndGlobalSection
EndGlobal
