
Microsoft Visual Studio Solution File, Format Version 12.00
# Visual Studio Version 17
VisualStudioVersion = 17.0.31710.8
MinimumVisualStudioVersion = 10.0.40219.1
Project("{F184B08F-C81C-45F6-A57F-5ABD9991F28F}") = "02_whatsyourname_2021_9_19", "02_whatsyourname_2021_9_19.vbproj", "{ED146ECB-CBE5-487F-A1E3-B8490AA89A70}"
EndProject
Global
	GlobalSection(SolutionConfigurationPlatforms) = preSolution
		Debug|Any CPU = Debug|Any CPU
		Release|Any CPU = Release|Any CPU
	EndGlobalSection
	GlobalSection(ProjectConfigurationPlatforms) = postSolution
		{ED146ECB-CBE5-487F-A1E3-B8490AA89A70}.Debug|Any CPU.ActiveCfg = Debug|Any CPU
		{ED146ECB-CBE5-487F-A1E3-B8490AA89A70}.Debug|Any CPU.Build.0 = Debug|Any CPU
		{ED146ECB-CBE5-487F-A1E3-B8490AA89A70}.Release|Any CPU.ActiveCfg = Release|Any CPU
		{ED146ECB-CBE5-487F-A1E3-B8490AA89A70}.Release|Any CPU.Build.0 = Release|Any CPU
	EndGlobalSection
	GlobalSection(SolutionProperties) = preSolution
		HideSolutionNode = FALSE
	EndGlobalSection
	GlobalSection(ExtensibilityGlobals) = postSolution
		SolutionGuid = {801F975D-A9FF-48D8-A011-9D6C920C22BE}
	EndGlobalSection
EndGlobal
