
Microsoft Visual Studio Solution File, Format Version 12.00
# Visual Studio Version 17
VisualStudioVersion = 17.0.31717.71
MinimumVisualStudioVersion = 10.0.40219.1
Project("{F184B08F-C81C-45F6-A57F-5ABD9991F28F}") = "00", "00.vbproj", "{6897A7DD-463D-4414-A930-A434A59B6710}"
EndProject
Global
	GlobalSection(SolutionConfigurationPlatforms) = preSolution
		Debug|Any CPU = Debug|Any CPU
		Release|Any CPU = Release|Any CPU
	EndGlobalSection
	GlobalSection(ProjectConfigurationPlatforms) = postSolution
		{6897A7DD-463D-4414-A930-A434A59B6710}.Debug|Any CPU.ActiveCfg = Debug|Any CPU
		{6897A7DD-463D-4414-A930-A434A59B6710}.Debug|Any CPU.Build.0 = Debug|Any CPU
		{6897A7DD-463D-4414-A930-A434A59B6710}.Release|Any CPU.ActiveCfg = Release|Any CPU
		{6897A7DD-463D-4414-A930-A434A59B6710}.Release|Any CPU.Build.0 = Release|Any CPU
	EndGlobalSection
	GlobalSection(SolutionProperties) = preSolution
		HideSolutionNode = FALSE
	EndGlobalSection
	GlobalSection(ExtensibilityGlobals) = postSolution
		SolutionGuid = {AF7F3A1E-0601-4EE5-92BE-9C845FF85EDB}
	EndGlobalSection
EndGlobal
